
Microsoft Visual Studio Solution File, Format Version 12.00
# Visual Studio 15
VisualStudioVersion = 15.0.26403.7
MinimumVisualStudioVersion = 10.0.40219.1
Project("{FAE04EC0-301F-11D3-BF4B-00C04F79EFBC}") = "Opgave02", "Opgave02\Opgave02.csproj", "{989E12C9-DB99-43B9-A1A2-A457A88A7547}"
EndProject
Project("{FAE04EC0-301F-11D3-BF4B-00C04F79EFBC}") = "Opgave01", "Opgave01\Opgave01.csproj", "{7AA79C40-A45B-4900-9C01-AA0398A15443}"
EndProject
Project("{FAE04EC0-301F-11D3-BF4B-00C04F79EFBC}") = "Opgave03", "Opgave03\Opgave03.csproj", "{3D93B3FA-EEB5-4677-8AEF-CBF03CF6AC5A}"
EndProject
Project("{FAE04EC0-301F-11D3-BF4B-00C04F79EFBC}") = "Opgave04", "Opgave04\Opgave04.csproj", "{6BA9FBDC-293B-4510-829A-1895A91A1888}"
EndProject
Global
	GlobalSection(SolutionConfigurationPlatforms) = preSolution
		Debug|Any CPU = Debug|Any CPU
		Release|Any CPU = Release|Any CPU
	EndGlobalSection
	GlobalSection(ProjectConfigurationPlatforms) = postSolution
		{989E12C9-DB99-43B9-A1A2-A457A88A7547}.Debug|Any CPU.ActiveCfg = Debug|Any CPU
		{989E12C9-DB99-43B9-A1A2-A457A88A7547}.Debug|Any CPU.Build.0 = Debug|Any CPU
		{989E12C9-DB99-43B9-A1A2-A457A88A7547}.Release|Any CPU.ActiveCfg = Release|Any CPU
		{989E12C9-DB99-43B9-A1A2-A457A88A7547}.Release|Any CPU.Build.0 = Release|Any CPU
		{7AA79C40-A45B-4900-9C01-AA0398A15443}.Debug|Any CPU.ActiveCfg = Debug|Any CPU
		{7AA79C40-A45B-4900-9C01-AA0398A15443}.Debug|Any CPU.Build.0 = Debug|Any CPU
		{7AA79C40-A45B-4900-9C01-AA0398A15443}.Release|Any CPU.ActiveCfg = Release|Any CPU
		{7AA79C40-A45B-4900-9C01-AA0398A15443}.Release|Any CPU.Build.0 = Release|Any CPU
		{3D93B3FA-EEB5-4677-8AEF-CBF03CF6AC5A}.Debug|Any CPU.ActiveCfg = Debug|Any CPU
		{3D93B3FA-EEB5-4677-8AEF-CBF03CF6AC5A}.Debug|Any CPU.Build.0 = Debug|Any CPU
		{3D93B3FA-EEB5-4677-8AEF-CBF03CF6AC5A}.Release|Any CPU.ActiveCfg = Release|Any CPU
		{3D93B3FA-EEB5-4677-8AEF-CBF03CF6AC5A}.Release|Any CPU.Build.0 = Release|Any CPU
		{6BA9FBDC-293B-4510-829A-1895A91A1888}.Debug|Any CPU.ActiveCfg = Debug|Any CPU
		{6BA9FBDC-293B-4510-829A-1895A91A1888}.Debug|Any CPU.Build.0 = Debug|Any CPU
		{6BA9FBDC-293B-4510-829A-1895A91A1888}.Release|Any CPU.ActiveCfg = Release|Any CPU
		{6BA9FBDC-293B-4510-829A-1895A91A1888}.Release|Any CPU.Build.0 = Release|Any CPU
	EndGlobalSection
	GlobalSection(SolutionProperties) = preSolution
		HideSolutionNode = FALSE
	EndGlobalSection
EndGlobal
